
Microsoft Visual Studio Solution File, Format Version 12.00
# Visual Studio 14
VisualStudioVersion = 14.0.25420.1
MinimumVisualStudioVersion = 10.0.40219.1
Project("{2150E333-8FDC-42A3-9474-1A3956D46DE8}") = "src", "src", "{B38CD774-A545-47FA-BFAD-7669AE7AE592}"
EndProject
Project("{2150E333-8FDC-42A3-9474-1A3956D46DE8}") = "Solution Items", "Solution Items", "{303F55C5-E943-4C66-AE03-069009705AAD}"
	ProjectSection(SolutionItems) = preProject
		global.json = global.json
	EndProjectSection
EndProject
Project("{8BB2217D-0F2D-49D1-97BC-3654ED321F3B}") = "ScottRafael_NSCCCourseMap", "src\ScottRafael_NSCCCourseMap\ScottRafael_NSCCCourseMap.xproj", "{B83C70AB-D484-4E7F-BB0B-A4D925B8F4AC}"
EndProject
Global
	GlobalSection(SolutionConfigurationPlatforms) = preSolution
		Debug|Any CPU = Debug|Any CPU
		Release|Any CPU = Release|Any CPU
	EndGlobalSection
	GlobalSection(ProjectConfigurationPlatforms) = postSolution
		{B83C70AB-D484-4E7F-BB0B-A4D925B8F4AC}.Debug|Any CPU.ActiveCfg = Debug|Any CPU
		{B83C70AB-D484-4E7F-BB0B-A4D925B8F4AC}.Debug|Any CPU.Build.0 = Debug|Any CPU
		{B83C70AB-D484-4E7F-BB0B-A4D925B8F4AC}.Release|Any CPU.ActiveCfg = Release|Any CPU
		{B83C70AB-D484-4E7F-BB0B-A4D925B8F4AC}.Release|Any CPU.Build.0 = Release|Any CPU
	EndGlobalSection
	GlobalSection(SolutionProperties) = preSolution
		HideSolutionNode = FALSE
	EndGlobalSection
	GlobalSection(NestedProjects) = preSolution
		{B83C70AB-D484-4E7F-BB0B-A4D925B8F4AC} = {B38CD774-A545-47FA-BFAD-7669AE7AE592}
	EndGlobalSection
EndGlobal
