
Microsoft Visual Studio Solution File, Format Version 12.00
# Visual Studio 14
VisualStudioVersion = 14.0.25420.1
MinimumVisualStudioVersion = 10.0.40219.1
Project("{2150E333-8FDC-42A3-9474-1A3956D46DE8}") = "src", "src", "{9C1425A4-99DE-49A3-9E61-BFDFB4D24988}"
EndProject
Project("{2150E333-8FDC-42A3-9474-1A3956D46DE8}") = "Solution Items", "Solution Items", "{B58BEF3F-1157-4F3D-B1CF-E736C56EC63D}"
	ProjectSection(SolutionItems) = preProject
		global.json = global.json
	EndProjectSection
EndProject
Project("{8BB2217D-0F2D-49D1-97BC-3654ED321F3B}") = "ScottRafael_WEBD3000_Lab1", "src\ScottRafael_WEBD3000_Lab1\ScottRafael_WEBD3000_Lab1.xproj", "{91E63CAC-3C37-422B-AE64-62712B010060}"
EndProject
Global
	GlobalSection(SolutionConfigurationPlatforms) = preSolution
		Debug|Any CPU = Debug|Any CPU
		Release|Any CPU = Release|Any CPU
	EndGlobalSection
	GlobalSection(ProjectConfigurationPlatforms) = postSolution
		{91E63CAC-3C37-422B-AE64-62712B010060}.Debug|Any CPU.ActiveCfg = Debug|Any CPU
		{91E63CAC-3C37-422B-AE64-62712B010060}.Debug|Any CPU.Build.0 = Debug|Any CPU
		{91E63CAC-3C37-422B-AE64-62712B010060}.Release|Any CPU.ActiveCfg = Release|Any CPU
		{91E63CAC-3C37-422B-AE64-62712B010060}.Release|Any CPU.Build.0 = Release|Any CPU
	EndGlobalSection
	GlobalSection(SolutionProperties) = preSolution
		HideSolutionNode = FALSE
	EndGlobalSection
	GlobalSection(NestedProjects) = preSolution
		{91E63CAC-3C37-422B-AE64-62712B010060} = {9C1425A4-99DE-49A3-9E61-BFDFB4D24988}
	EndGlobalSection
EndGlobal
